
Microsoft Visual Studio Solution File, Format Version 12.00
# Visual Studio Version 16
VisualStudioVersion = 16.0.30717.126
MinimumVisualStudioVersion = 10.0.40219.1
Project("{8BC9CEB8-8B4A-11D0-8D11-00A0C91BC942}") = "AOC_2020", "AOC_2020.vcxproj", "{2D1A61A6-9A3B-43DF-88C6-56640681FC60}"
EndProject
Project("{8BC9CEB8-8B4A-11D0-8D11-00A0C91BC942}") = "AOC_2020.Test", "AOC_2020.Test\AOC_2020.Test.vcxproj", "{CD89E108-5BA4-4DDE-96CE-99BD256F5FFF}"
EndProject
Global
	GlobalSection(SolutionConfigurationPlatforms) = preSolution
		Debug|x64 = Debug|x64
		Debug|x86 = Debug|x86
		Release|x64 = Release|x64
		Release|x86 = Release|x86
	EndGlobalSection
	GlobalSection(ProjectConfigurationPlatforms) = postSolution
		{2D1A61A6-9A3B-43DF-88C6-56640681FC60}.Debug|x64.ActiveCfg = Debug|x64
		{2D1A61A6-9A3B-43DF-88C6-56640681FC60}.Debug|x64.Build.0 = Debug|x64
		{2D1A61A6-9A3B-43DF-88C6-56640681FC60}.Debug|x86.ActiveCfg = Debug|Win32
		{2D1A61A6-9A3B-43DF-88C6-56640681FC60}.Debug|x86.Build.0 = Debug|Win32
		{2D1A61A6-9A3B-43DF-88C6-56640681FC60}.Release|x64.ActiveCfg = Release|x64
		{2D1A61A6-9A3B-43DF-88C6-56640681FC60}.Release|x64.Build.0 = Release|x64
		{2D1A61A6-9A3B-43DF-88C6-56640681FC60}.Release|x86.ActiveCfg = Release|Win32
		{2D1A61A6-9A3B-43DF-88C6-56640681FC60}.Release|x86.Build.0 = Release|Win32
		{CD89E108-5BA4-4DDE-96CE-99BD256F5FFF}.Debug|x64.ActiveCfg = Debug|x64
		{CD89E108-5BA4-4DDE-96CE-99BD256F5FFF}.Debug|x64.Build.0 = Debug|x64
		{CD89E108-5BA4-4DDE-96CE-99BD256F5FFF}.Debug|x86.ActiveCfg = Debug|Win32
		{CD89E108-5BA4-4DDE-96CE-99BD256F5FFF}.Debug|x86.Build.0 = Debug|Win32
		{CD89E108-5BA4-4DDE-96CE-99BD256F5FFF}.Release|x64.ActiveCfg = Release|x64
		{CD89E108-5BA4-4DDE-96CE-99BD256F5FFF}.Release|x64.Build.0 = Release|x64
		{CD89E108-5BA4-4DDE-96CE-99BD256F5FFF}.Release|x86.ActiveCfg = Release|Win32
		{CD89E108-5BA4-4DDE-96CE-99BD256F5FFF}.Release|x86.Build.0 = Release|Win32
	EndGlobalSection
	GlobalSection(SolutionProperties) = preSolution
		HideSolutionNode = FALSE
	EndGlobalSection
	GlobalSection(ExtensibilityGlobals) = postSolution
		SolutionGuid = {247863B9-AD05-4C65-8AA7-17CB2290D3ED}
	EndGlobalSection
EndGlobal
